
Microsoft Visual Studio Solution File, Format Version 12.00
# Visual Studio 14
VisualStudioVersion = 14.0.23107.0
MinimumVisualStudioVersion = 10.0.40219.1
Project("{FAE04EC0-301F-11D3-BF4B-00C04F79EFBC}") = "Question_4.8", "Question_4.8\Question_4.8.csproj", "{E702A773-2FF5-4F64-8524-0F295CC2AEAB}"
EndProject
Global
	GlobalSection(SolutionConfigurationPlatforms) = preSolution
		Debug|Any CPU = Debug|Any CPU
		Release|Any CPU = Release|Any CPU
	EndGlobalSection
	GlobalSection(ProjectConfigurationPlatforms) = postSolution
		{E702A773-2FF5-4F64-8524-0F295CC2AEAB}.Debug|Any CPU.ActiveCfg = Debug|Any CPU
		{E702A773-2FF5-4F64-8524-0F295CC2AEAB}.Debug|Any CPU.Build.0 = Debug|Any CPU
		{E702A773-2FF5-4F64-8524-0F295CC2AEAB}.Release|Any CPU.ActiveCfg = Release|Any CPU
		{E702A773-2FF5-4F64-8524-0F295CC2AEAB}.Release|Any CPU.Build.0 = Release|Any CPU
	EndGlobalSection
	GlobalSection(SolutionProperties) = preSolution
		HideSolutionNode = FALSE
	EndGlobalSection
EndGlobal
